PODS:
  - Alamofire (4.7.3)
  - SWXMLHash (4.7.1)

DEPENDENCIES:
  - Alamofire
  - SWXMLHash (~> 4.7.0)

SPEC REPOS:
  https://github.com/cocoapods/specs.git:
    - Alamofire
    - SWXMLHash

SPEC CHECKSUMS:
  Alamofire: c7287b6e5d7da964a70935e5db17046b7fde6568
  SWXMLHash: 661b67bc94a01fe71a6ad4ca690cf2cafa5d1d6f

PODFILE CHECKSUM: 9e06f3dc40a091384961a107a84e214411c80e23

COCOAPODS: 1.5.3
