// !$*UTF8*$!
{
	archiveVersion = 1;
	classes = {
	};
	objectVersion = 50;
	objects = {

/* Begin PBXBuildFile section */
		1E13810721EF615C00157E88 /* AppDelegate.swift in Sources */ = {isa = PBXBuildFile; fileRef = 1E13810621EF615C00157E88 /* AppDelegate.swift */; };
		1E13810921EF615C00157E88 /* ViewController.swift in Sources */ = {isa = PBXBuildFile; fileRef = 1E13810821EF615C00157E88 /* ViewController.swift */; };
		1E13810C21EF615C00157E88 /* Main.storyboard in Resources */ = {isa = PBXBuildFile; fileRef = 1E13810A21EF615C00157E88 /* Main.storyboard */; };
		1E13810E21EF615D00157E88 /* Assets.xcassets in Resources */ = {isa = PBXBuildFile; fileRef = 1E13810D21EF615D00157E88 /* Assets.xcassets */; };
		1E13811121EF615D00157E88 /* LaunchScreen.storyboard in Resources */ = {isa = PBXBuildFile; fileRef = 1E13810F21EF615D00157E88 /* LaunchScreen.storyboard */; };
		1E13811921EF61EB00157E88 /* Ext.swift in Sources */ = {isa = PBXBuildFile; fileRef = 1E13811821EF61EB00157E88 /* Ext.swift */; };
		1EB3F6B621EF66190067D7EB /* ApiKey.swift in Sources */ = {isa = PBXBuildFile; fileRef = 1EB3F6B521EF66190067D7EB /* ApiKey.swift */; };
		2E7B6DFF1B67094F2135042A /* Pods_MapSearchYahoo.framework in Frameworks */ = {isa = PBXBuildFile; fileRef = 35E658CBC26F0C191DBED6E3 /* Pods_MapSearchYahoo.framework */; };
/* End PBXBuildFile section */

/* Begin PBXFileReference section */
		1E13810321EF615C00157E88 /* MapSearchYahoo.app */ = {isa = PBXFileReference; explicitFileType = wrapper.application; includeInIndex = 0; path = MapSearchYahoo.app; sourceTree = BUILT_PRODUCTS_DIR; };
		1E13810621EF615C00157E88 /* AppDelegate.swift */ = {isa = PBXFileReference; lastKnownFileType = sourcecode.swift; path = AppDelegate.swift; sourceTree = "<group>"; };
		1E13810821EF615C00157E88 /* ViewController.swift */ = {isa = PBXFileReference; lastKnownFileType = sourcecode.swift; path = ViewController.swift; sourceTree = "<group>"; };
		1E13810B21EF615C00157E88 /* Base */ = {isa = PBXFileReference; lastKnownFileType = file.storyboard; name = Base; path = Base.lproj/Main.storyboard; sourceTree = "<group>"; };
		1E13810D21EF615D00157E88 /* Assets.xcassets */ = {isa = PBXFileReference; lastKnownFileType = folder.assetcatalog; path = Assets.xcassets; sourceTree = "<group>"; };
		1E13811021EF615D00157E88 /* Base */ = {isa = PBXFileReference; lastKnownFileType = file.storyboard; name = Base; path = Base.lproj/LaunchScreen.storyboard; sourceTree = "<group>"; };
		1E13811221EF615D00157E88 /* Info.plist */ = {isa = PBXFileReference; lastKnownFileType = text.plist.xml; path = Info.plist; sourceTree = "<group>"; };
		1E13811821EF61EB00157E88 /* Ext.swift */ = {isa = PBXFileReference; lastKnownFileType = sourcecode.swift; path = Ext.swift; sourceTree = "<group>"; };
		1EB3F6B521EF66190067D7EB /* ApiKey.swift */ = {isa = PBXFileReference; lastKnownFileType = sourcecode.swift; path = ApiKey.swift; sourceTree = "<group>"; };
		35E658CBC26F0C191DBED6E3 /* Pods_MapSearchYahoo.framework */ = {isa = PBXFileReference; explicitFileType = wrapper.framework; includeInIndex = 0; path = Pods_MapSearchYahoo.framework; sourceTree = BUILT_PRODUCTS_DIR; };
		3E01D0AD833A85C0A1B4962B /* Pods-MapSearchYahoo.release.xcconfig */ = {isa = PBXFileReference; includeInIndex = 1; lastKnownFileType = text.xcconfig; name = "Pods-MapSearchYahoo.release.xcconfig"; path = "Pods/Target Support Files/Pods-MapSearchYahoo/Pods-MapSearchYahoo.release.xcconfig"; sourceTree = "<group>"; };
		41D1AE6BB4EB8AFE5A61E060 /* Pods-MapSearchYahoo.debug.xcconfig */ = {isa = PBXFileReference; includeInIndex = 1; lastKnownFileType = text.xcconfig; name = "Pods-MapSearchYahoo.debug.xcconfig"; path = "Pods/Target Support Files/Pods-MapSearchYahoo/Pods-MapSearchYahoo.debug.xcconfig"; sourceTree = "<group>"; };
/* End PBXFileReference section */

/* Begin PBXFrameworksBuildPhase section */
		1E13810021EF615C00157E88 /* Frameworks */ = {
			isa = PBXFrameworksBuildPhase;
			buildActionMask = 2147483647;
			files = (
				2E7B6DFF1B67094F2135042A /* Pods_MapSearchYahoo.framework in Frameworks */,
			);
			runOnlyForDeploymentPostprocessing = 0;
		};
/* End PBXFrameworksBuildPhase section */

/* Begin PBXGroup section */
		03496828D86E1DB66B03CA65 /* Pods */ = {
			isa = PBXGroup;
			children = (
				41D1AE6BB4EB8AFE5A61E060 /* Pods-MapSearchYahoo.debug.xcconfig */,
				3E01D0AD833A85C0A1B4962B /* Pods-MapSearchYahoo.release.xcconfig */,
			);
			name = Pods;
			sourceTree = "<group>";
		};
		1E1380FA21EF615C00157E88 = {
			isa = PBXGroup;
			children = (
				1E13810521EF615C00157E88 /* MapSearchYahoo */,
				1E13810421EF615C00157E88 /* Products */,
				03496828D86E1DB66B03CA65 /* Pods */,
				CF32C15D4D047B1553DEA0F4 /* Frameworks */,
			);
			sourceTree = "<group>";
		};
		1E13810421EF615C00157E88 /* Products */ = {
			isa = PBXGroup;
			children = (
				1E13810321EF615C00157E88 /* MapSearchYahoo.app */,
			);
			name = Products;
			sourceTree = "<group>";
		};
		1E13810521EF615C00157E88 /* MapSearchYahoo */ = {
			isa = PBXGroup;
			children = (
				1E13810621EF615C00157E88 /* AppDelegate.swift */,
				1E13810821EF615C00157E88 /* ViewController.swift */,
				1E13810A21EF615C00157E88 /* Main.storyboard */,
				1E13810D21EF615D00157E88 /* Assets.xcassets */,
				1E13810F21EF615D00157E88 /* LaunchScreen.storyboard */,
				1E13811221EF615D00157E88 /* Info.plist */,
				1E13811821EF61EB00157E88 /* Ext.swift */,
				1EB3F6B521EF66190067D7EB /* ApiKey.swift */,
			);
			path = MapSearchYahoo;
			sourceTree = "<group>";
		};
		CF32C15D4D047B1553DEA0F4 /* Frameworks */ = {
			isa = PBXGroup;
			children = (
				35E658CBC26F0C191DBED6E3 /* Pods_MapSearchYahoo.framework */,
			);
			name = Frameworks;
			sourceTree = "<group>";
		};
/* End PBXGroup section */

/* Begin PBXNativeTarget section */
		1E13810221EF615C00157E88 /* MapSearchYahoo */ = {
			isa = PBXNativeTarget;
			buildConfigurationList = 1E13811521EF615D00157E88 /* Build configuration list for PBXNativeTarget "MapSearchYahoo" */;
			buildPhases = (
				3EAA1FA8604586B3F3589C8F /* [CP] Check Pods Manifest.lock */,
				1E1380FF21EF615C00157E88 /* Sources */,
				1E13810021EF615C00157E88 /* Frameworks */,
				1E13810121EF615C00157E88 /* Resources */,
				DEF9DC727E2B8B9375B408BF /* [CP] Embed Pods Frameworks */,
			);
			buildRules = (
			);
			dependencies = (
			);
			name = MapSearchYahoo;
			productName = MapSearchYahoo;
			productReference = 1E13810321EF615C00157E88 /* MapSearchYahoo.app */;
			productType = "com.apple.product-type.application";
		};
/* End PBXNativeTarget section */

/* Begin PBXProject section */
		1E1380FB21EF615C00157E88 /* Project object */ = {
			isa = PBXProject;
			attributes = {
				LastSwiftUpdateCheck = 1010;
				LastUpgradeCheck = 1010;
				ORGANIZATIONNAME = "Munesada Yohei";
				TargetAttributes = {
					1E13810221EF615C00157E88 = {
						CreatedOnToolsVersion = 10.1;
					};
				};
			};
			buildConfigurationList = 1E1380FE21EF615C00157E88 /* Build configuration list for PBXProject "MapSearchYahoo" */;
			compatibilityVersion = "Xcode 9.3";
			developmentRegion = en;
			hasScannedForEncodings = 0;
			knownRegions = (
				en,
				Base,
			);
			mainGroup = 1E1380FA21EF615C00157E88;
			productRefGroup = 1E13810421EF615C00157E88 /* Products */;
			projectDirPath = "";
			projectRoot = "";
			targets = (
				1E13810221EF615C00157E88 /* MapSearchYahoo */,
			);
		};
/* End PBXProject section */

/* Begin PBXResourcesBuildPhase section */
		1E13810121EF615C00157E88 /* Resources */ = {
			isa = PBXResourcesBuildPhase;
			buildActionMask = 2147483647;
			files = (
				1E13811121EF615D00157E88 /* LaunchScreen.storyboard in Resources */,
				1E13810E21EF615D00157E88 /* Assets.xcassets in Resources */,
				1E13810C21EF615C00157E88 /* Main.storyboard in Resources */,
			);
			runOnlyForDeploymentPostprocessing = 0;
		};
/* End PBXResourcesBuildPhase section */

/* Begin PBXShellScriptBuildPhase section */
		3EAA1FA8604586B3F3589C8F /* [CP] Check Pods Manifest.lock */ = {
			isa = PBXShellScriptBuildPhase;
			buildActionMask = 2147483647;
			files = (
			);
			inputPaths = (
				"${PODS_PODFILE_DIR_PATH}/Podfile.lock",
				"${PODS_ROOT}/Manifest.lock",
			);
			name = "[CP] Check Pods Manifest.lock";
			outputPaths = (
				"$(DERIVED_FILE_DIR)/Pods-MapSearchYahoo-checkManifestLockResult.txt",
			);
			runOnlyForDeploymentPostprocessing = 0;
			shellPath = /bin/sh;
			shellScript = "diff \"${PODS_PODFILE_DIR_PATH}/Podfile.lock\" \"${PODS_ROOT}/Manifest.lock\" > /dev/null\nif [ $? != 0 ] ; then\n    # print error to STDERR\n    echo \"error: The sandbox is not in sync with the Podfile.lock. Run 'pod install' or update your CocoaPods installation.\" >&2\n    exit 1\nfi\n# This output is used by Xcode 'outputs' to avoid re-running this script phase.\necho \"SUCCESS\" > \"${SCRIPT_OUTPUT_FILE_0}\"\n";
			showEnvVarsInLog = 0;
		};
		DEF9DC727E2B8B9375B408BF /* [CP] Embed Pods Frameworks */ = {
			isa = PBXShellScriptBuildPhase;
			buildActionMask = 2147483647;
			files = (
			);
			inputPaths = (
				"${SRCROOT}/Pods/Target Support Files/Pods-MapSearchYahoo/Pods-MapSearchYahoo-frameworks.sh",
				"${BUILT_PRODUCTS_DIR}/Alamofire/Alamofire.framework",
				"${BUILT_PRODUCTS_DIR}/SWXMLHash/SWXMLHash.framework",
			);
			name = "[CP] Embed Pods Frameworks";
			outputPaths = (
				"${TARGET_BUILD_DIR}/${FRAMEWORKS_FOLDER_PATH}/Alamofire.framework",
				"${TARGET_BUILD_DIR}/${FRAMEWORKS_FOLDER_PATH}/SWXMLHash.framework",
			);
			runOnlyForDeploymentPostprocessing = 0;
			shellPath = /bin/sh;
			shellScript = "\"${SRCROOT}/Pods/Target Support Files/Pods-MapSearchYahoo/Pods-MapSearchYahoo-frameworks.sh\"\n";
			showEnvVarsInLog = 0;
		};
/* End PBXShellScriptBuildPhase section */

/* Begin PBXSourcesBuildPhase section */
		1E1380FF21EF615C00157E88 /* Sources */ = {
			isa = PBXSourcesBuildPhase;
			buildActionMask = 2147483647;
			files = (
				1E13810921EF615C00157E88 /* ViewController.swift in Sources */,
				1E13810721EF615C00157E88 /* AppDelegate.swift in Sources */,
				1EB3F6B621EF66190067D7EB /* ApiKey.swift in Sources */,
				1E13811921EF61EB00157E88 /* Ext.swift in Sources */,
			);
			runOnlyForDeploymentPostprocessing = 0;
		};
/* End PBXSourcesBuildPhase section */

/* Begin PBXVariantGroup section */
		1E13810A21EF615C00157E88 /* Main.storyboard */ = {
			isa = PBXVariantGroup;
			children = (
				1E13810B21EF615C00157E88 /* Base */,
			);
			name = Main.storyboard;
			sourceTree = "<group>";
		};
		1E13810F21EF615D00157E88 /* LaunchScreen.storyboard */ = {
			isa = PBXVariantGroup;
			children = (
				1E13811021EF615D00157E88 /* Base */,
			);
			name = LaunchScreen.storyboard;
			sourceTree = "<group>";
		};
/* End PBXVariantGroup section */

/* Begin XCBuildConfiguration section */
		1E13811321EF615D00157E88 /* Debug */ = {
			isa = XCBuildConfiguration;
			buildSettings = {
				ALWAYS_SEARCH_USER_PATHS = NO;
				CLANG_ANALYZER_NONNULL = YES;
				CLANG_ANALYZER_NUMBER_OBJECT_CONVERSION = YES_AGGRESSIVE;
				CLANG_CXX_LANGUAGE_STANDARD = "gnu++14";
				CLANG_CXX_LIBRARY = "libc++";
				CLANG_ENABLE_MODULES = YES;
				CLANG_ENABLE_OBJC_ARC = YES;
				CLANG_ENABLE_OBJC_WEAK = YES;
				CLANG_WARN_BLOCK_CAPTURE_AUTORELEASING = YES;
				CLANG_WARN_BOOL_CONVERSION = YES;
				CLANG_WARN_COMMA = YES;
				CLANG_WARN_CONSTANT_CONVERSION = YES;
				CLANG_WARN_DEPRECATED_OBJC_IMPLEMENTATIONS = YES;
				CLANG_WARN_DIRECT_OBJC_ISA_USAGE = YES_ERROR;
				CLANG_WARN_DOCUMENTATION_COMMENTS = YES;
				CLANG_WARN_EMPTY_BODY = YES;
				CLANG_WARN_ENUM_CONVERSION = YES;
				CLANG_WARN_INFINITE_RECURSION = YES;
				CLANG_WARN_INT_CONVERSION = YES;
				CLANG_WARN_NON_LITERAL_NULL_CONVERSION = YES;
				CLANG_WARN_OBJC_IMPLICIT_RETAIN_SELF = YES;
				CLANG_WARN_OBJC_LITERAL_CONVERSION = YES;
				CLANG_WARN_OBJC_ROOT_CLASS = YES_ERROR;
				CLANG_WARN_RANGE_LOOP_ANALYSIS = YES;
				CLANG_WARN_STRICT_PROTOTYPES = YES;
				CLANG_WARN_SUSPICIOUS_MOVE = YES;
				CLANG_WARN_UNGUARDED_AVAILABILITY = YES_AGGRESSIVE;
				CLANG_WARN_UNREACHABLE_CODE = YES;
				CLANG_WARN__DUPLICATE_METHOD_MATCH = YES;
				CODE_SIGN_IDENTITY = "iPhone Developer";
				COPY_PHASE_STRIP = NO;
				DEBUG_INFORMATION_FORMAT = dwarf;
				ENABLE_STRICT_OBJC_MSGSEND = YES;
				ENABLE_TESTABILITY = YES;
				GCC_C_LANGUAGE_STANDARD = gnu11;
				GCC_DYNAMIC_NO_PIC = NO;
				GCC_NO_COMMON_BLOCKS = YES;
				GCC_OPTIMIZATION_LEVEL = 0;
				GCC_PREPROCESSOR_DEFINITIONS = (
					"DEBUG=1",
					"$(inherited)",
				);
				GCC_WARN_64_TO_32_BIT_CONVERSION = YES;
				GCC_WARN_ABOUT_RETURN_TYPE = YES_ERROR;
				GCC_WARN_UNDECLARED_SELECTOR = YES;
				GCC_WARN_UNINITIALIZED_AUTOS = YES_AGGRESSIVE;
				GCC_WARN_UNUSED_FUNCTION = YES;
				GCC_WARN_UNUSED_VARIABLE = YES;
				IPHONEOS_DEPLOYMENT_TARGET = 12.1;
				MTL_ENABLE_DEBUG_INFO = INCLUDE_SOURCE;
				MTL_FAST_MATH = YES;
				ONLY_ACTIVE_ARCH = YES;
				SDKROOT = iphoneos;
				SWIFT_ACTIVE_COMPILATION_CONDITIONS = DEBUG;
				SWIFT_OPTIMIZATION_LEVEL = "-Onone";
			};
			name = Debug;
		};
		1E13811421EF615D00157E88 /* Release */ = {
			isa = XCBuildConfiguration;
			buildSettings = {
				ALWAYS_SEARCH_USER_PATHS = NO;
				CLANG_ANALYZER_NONNULL = YES;
				CLANG_ANALYZER_NUMBER_OBJECT_CONVERSION = YES_AGGRESSIVE;
				CLANG_CXX_LANGUAGE_STANDARD = "gnu++14";
				CLANG_CXX_LIBRARY = "libc++";
				CLANG_ENABLE_MODULES = YES;
				CLANG_ENABLE_OBJC_ARC = YES;
				CLANG_ENABLE_OBJC_WEAK = YES;
				CLANG_WARN_BLOCK_CAPTURE_AUTORELEASING = YES;
				CLANG_WARN_BOOL_CONVERSION = YES;
				CLANG_WARN_COMMA = YES;
				CLANG_WARN_CONSTANT_CONVERSION = YES;
				CLANG_WARN_DEPRECATED_OBJC_IMPLEMENTATIONS = YES;
				CLANG_WARN_DIRECT_OBJC_ISA_USAGE = YES_ERROR;
				CLANG_WARN_DOCUMENTATION_COMMENTS = YES;
				CLANG_WARN_EMPTY_BODY = YES;
				CLANG_WARN_ENUM_CONVERSION = YES;
				CLANG_WARN_INFINITE_RECURSION = YES;
				CLANG_WARN_INT_CONVERSION = YES;
				CLANG_WARN_NON_LITERAL_NULL_CONVERSION = YES;
				CLANG_WARN_OBJC_IMPLICIT_RETAIN_SELF = YES;
				CLANG_WARN_OBJC_LITERAL_CONVERSION = YES;
				CLANG_WARN_OBJC_ROOT_CLASS = YES_ERROR;
				CLANG_WARN_RANGE_LOOP_ANALYSIS = YES;
				CLANG_WARN_STRICT_PROTOTYPES = YES;
				CLANG_WARN_SUSPICIOUS_MOVE = YES;
				CLANG_WARN_UNGUARDED_AVAILABILITY = YES_AGGRESSIVE;
				CLANG_WARN_UNREACHABLE_CODE = YES;
				CLANG_WARN__DUPLICATE_METHOD_MATCH = YES;
				CODE_SIGN_IDENTITY = "iPhone Developer";
				COPY_PHASE_STRIP = NO;
				DEBUG_INFORMATION_FORMAT = "dwarf-with-dsym";
				ENABLE_NS_ASSERTIONS = NO;
				ENABLE_STRICT_OBJC_MSGSEND = YES;
				GCC_C_LANGUAGE_STANDARD = gnu11;
				GCC_NO_COMMON_BLOCKS = YES;
				GCC_WARN_64_TO_32_BIT_CONVERSION = YES;
				GCC_WARN_ABOUT_RETURN_TYPE = YES_ERROR;
				GCC_WARN_UNDECLARED_SELECTOR = YES;
				GCC_WARN_UNINITIALIZED_AUTOS = YES_AGGRESSIVE;
				GCC_WARN_UNUSED_FUNCTION = YES;
				GCC_WARN_UNUSED_VARIABLE = YES;
				IPHONEOS_DEPLOYMENT_TARGET = 12.1;
				MTL_ENABLE_DEBUG_INFO = NO;
				MTL_FAST_MATH = YES;
				SDKROOT = iphoneos;
				SWIFT_COMPILATION_MODE = wholemodule;
				SWIFT_OPTIMIZATION_LEVEL = "-O";
				VALIDATE_PRODUCT = YES;
			};
			name = Release;
		};
		1E13811621EF615D00157E88 /* Debug */ = {
			isa = XCBuildConfiguration;
			baseConfigurationReference = 41D1AE6BB4EB8AFE5A61E060 /* Pods-MapSearchYahoo.debug.xcconfig */;
			buildSettings = {
				ASSETCATALOG_COMPILER_APPICON_NAME = AppIcon;
				CODE_SIGN_STYLE = Automatic;
				DEVELOPMENT_TEAM = 4T8AA29M65;
				INFOPLIST_FILE = MapSearchYahoo/Info.plist;
				LD_RUNPATH_SEARCH_PATHS = (
					"$(inherited)",
					"@executable_path/Frameworks",
				);
				PRODUCT_BUNDLE_IDENTIFIER = net.yoheim.www.MapSearchYahoo;
				PRODUCT_NAME = "$(TARGET_NAME)";
				SWIFT_VERSION = 4.2;
				TARGETED_DEVICE_FAMILY = 1;
			};
			name = Debug;
		};
		1E13811721EF615D00157E88 /* Release */ = {
			isa = XCBuildConfiguration;
			baseConfigurationReference = 3E01D0AD833A85C0A1B4962B /* Pods-MapSearchYahoo.release.xcconfig */;
			buildSettings = {
				ASSETCATALOG_COMPILER_APPICON_NAME = AppIcon;
				CODE_SIGN_STYLE = Automatic;
				DEVELOPMENT_TEAM = 4T8AA29M65;
				INFOPLIST_FILE = MapSearchYahoo/Info.plist;
				LD_RUNPATH_SEARCH_PATHS = (
					"$(inherited)",
					"@executable_path/Frameworks",
				);
				PRODUCT_BUNDLE_IDENTIFIER = net.yoheim.www.MapSearchYahoo;
				PRODUCT_NAME = "$(TARGET_NAME)";
				SWIFT_VERSION = 4.2;
				TARGETED_DEVICE_FAMILY = 1;
			};
			name = Release;
		};
/* End XCBuildConfiguration section */

/* Begin XCConfigurationList section */
		1E1380FE21EF615C00157E88 /* Build configuration list for PBXProject "MapSearchYahoo" */ = {
			isa = XCConfigurationList;
			buildConfigurations = (
				1E13811321EF615D00157E88 /* Debug */,
				1E13811421EF615D00157E88 /* Release */,
			);
			defaultConfigurationIsVisible = 0;
			defaultConfigurationName = Release;
		};
		1E13811521EF615D00157E88 /* Build configuration list for PBXNativeTarget "MapSearchYahoo" */ = {
			isa = XCConfigurationList;
			buildConfigurations = (
				1E13811621EF615D00157E88 /* Debug */,
				1E13811721EF615D00157E88 /* Release */,
			);
			defaultConfigurationIsVisible = 0;
			defaultConfigurationName = Release;
		};
/* End XCConfigurationList section */
	};
	rootObject = 1E1380FB21EF615C00157E88 /* Project object */;
}
